
Microsoft Visual Studio Solution File, Format Version 12.00
# Visual Studio 14
VisualStudioVersion = 14.0.25420.1
MinimumVisualStudioVersion = 10.0.40219.1
Project("{FAE04EC0-301F-11D3-BF4B-00C04F79EFBC}") = "Operator.Droid", "Operator\Operator.Android\Operator.Droid.csproj", "{F60FC8CC-DBFF-46E7-824E-BCB4A9727A1A}"
EndProject
Project("{FAE04EC0-301F-11D3-BF4B-00C04F79EFBC}") = "Operator", "Operator\Operator\Operator.csproj", "{94B07B23-8A25-44C3-9C6F-9A6B8A043D00}"
EndProject
Project("{FAE04EC0-301F-11D3-BF4B-00C04F79EFBC}") = "Operator.iOS", "Operator\Operator.iOS\Operator.iOS.csproj", "{7BB9BE75-2000-44A3-97CF-BCB6FC09FA16}"
EndProject
Project("{FAE04EC0-301F-11D3-BF4B-00C04F79EFBC}") = "Operator.Test", "Operator.Test\Operator.Test.csproj", "{73FCB519-1370-4B3F-810F-CAA594DD65DD}"
EndProject
Global
	GlobalSection(SolutionConfigurationPlatforms) = preSolution
		Ad-Hoc|Any CPU = Ad-Hoc|Any CPU
		Ad-Hoc|iPhone = Ad-Hoc|iPhone
		Ad-Hoc|iPhoneSimulator = Ad-Hoc|iPhoneSimulator
		AppStore|Any CPU = AppStore|Any CPU
		AppStore|iPhone = AppStore|iPhone
		AppStore|iPhoneSimulator = AppStore|iPhoneSimulator
		Debug|Any CPU = Debug|Any CPU
		Debug|iPhone = Debug|iPhone
		Debug|iPhoneSimulator = Debug|iPhoneSimulator
		Release|Any CPU = Release|Any CPU
		Release|iPhone = Release|iPhone
		Release|iPhoneSimulator = Release|iPhoneSimulator
	EndGlobalSection
	GlobalSection(ProjectConfigurationPlatforms) = postSolution
		{F60FC8CC-DBFF-46E7-824E-BCB4A9727A1A}.Ad-Hoc|Any CPU.ActiveCfg = Release|Any CPU
		{F60FC8CC-DBFF-46E7-824E-BCB4A9727A1A}.Ad-Hoc|Any CPU.Build.0 = Release|Any CPU
		{F60FC8CC-DBFF-46E7-824E-BCB4A9727A1A}.Ad-Hoc|Any CPU.Deploy.0 = Release|Any CPU
		{F60FC8CC-DBFF-46E7-824E-BCB4A9727A1A}.Ad-Hoc|iPhone.ActiveCfg = Release|Any CPU
		{F60FC8CC-DBFF-46E7-824E-BCB4A9727A1A}.Ad-Hoc|iPhone.Build.0 = Release|Any CPU
		{F60FC8CC-DBFF-46E7-824E-BCB4A9727A1A}.Ad-Hoc|iPhone.Deploy.0 = Release|Any CPU
		{F60FC8CC-DBFF-46E7-824E-BCB4A9727A1A}.Ad-Hoc|iPhoneSimulator.ActiveCfg = Release|Any CPU
		{F60FC8CC-DBFF-46E7-824E-BCB4A9727A1A}.Ad-Hoc|iPhoneSimulator.Build.0 = Release|Any CPU
		{F60FC8CC-DBFF-46E7-824E-BCB4A9727A1A}.Ad-Hoc|iPhoneSimulator.Deploy.0 = Release|Any CPU
		{F60FC8CC-DBFF-46E7-824E-BCB4A9727A1A}.AppStore|Any CPU.ActiveCfg = Release|Any CPU
		{F60FC8CC-DBFF-46E7-824E-BCB4A9727A1A}.AppStore|Any CPU.Build.0 = Release|Any CPU
		{F60FC8CC-DBFF-46E7-824E-BCB4A9727A1A}.AppStore|Any CPU.Deploy.0 = Release|Any CPU
		{F60FC8CC-DBFF-46E7-824E-BCB4A9727A1A}.AppStore|iPhone.ActiveCfg = Release|Any CPU
		{F60FC8CC-DBFF-46E7-824E-BCB4A9727A1A}.AppStore|iPhone.Build.0 = Release|Any CPU
		{F60FC8CC-DBFF-46E7-824E-BCB4A9727A1A}.AppStore|iPhone.Deploy.0 = Release|Any CPU
		{F60FC8CC-DBFF-46E7-824E-BCB4A9727A1A}.AppStore|iPhoneSimulator.ActiveCfg = Release|Any CPU
		{F60FC8CC-DBFF-46E7-824E-BCB4A9727A1A}.AppStore|iPhoneSimulator.Build.0 = Release|Any CPU
		{F60FC8CC-DBFF-46E7-824E-BCB4A9727A1A}.AppStore|iPhoneSimulator.Deploy.0 = Release|Any CPU
		{F60FC8CC-DBFF-46E7-824E-BCB4A9727A1A}.Debug|Any CPU.ActiveCfg = Debug|Any CPU
		{F60FC8CC-DBFF-46E7-824E-BCB4A9727A1A}.Debug|Any CPU.Build.0 = Debug|Any CPU
		{F60FC8CC-DBFF-46E7-824E-BCB4A9727A1A}.Debug|Any CPU.Deploy.0 = Debug|Any CPU
		{F60FC8CC-DBFF-46E7-824E-BCB4A9727A1A}.Debug|iPhone.ActiveCfg = Debug|Any CPU
		{F60FC8CC-DBFF-46E7-824E-BCB4A9727A1A}.Debug|iPhone.Build.0 = Debug|Any CPU
		{F60FC8CC-DBFF-46E7-824E-BCB4A9727A1A}.Debug|iPhone.Deploy.0 = Debug|Any CPU
		{F60FC8CC-DBFF-46E7-824E-BCB4A9727A1A}.Debug|iPhoneSimulator.ActiveCfg = Debug|Any CPU
		{F60FC8CC-DBFF-46E7-824E-BCB4A9727A1A}.Debug|iPhoneSimulator.Build.0 = Debug|Any CPU
		{F60FC8CC-DBFF-46E7-824E-BCB4A9727A1A}.Debug|iPhoneSimulator.Deploy.0 = Debug|Any CPU
		{F60FC8CC-DBFF-46E7-824E-BCB4A9727A1A}.Release|Any CPU.ActiveCfg = Release|Any CPU
		{F60FC8CC-DBFF-46E7-824E-BCB4A9727A1A}.Release|Any CPU.Build.0 = Release|Any CPU
		{F60FC8CC-DBFF-46E7-824E-BCB4A9727A1A}.Release|Any CPU.Deploy.0 = Release|Any CPU
		{F60FC8CC-DBFF-46E7-824E-BCB4A9727A1A}.Release|iPhone.ActiveCfg = Release|Any CPU
		{F60FC8CC-DBFF-46E7-824E-BCB4A9727A1A}.Release|iPhone.Build.0 = Release|Any CPU
		{F60FC8CC-DBFF-46E7-824E-BCB4A9727A1A}.Release|iPhone.Deploy.0 = Release|Any CPU
		{F60FC8CC-DBFF-46E7-824E-BCB4A9727A1A}.Release|iPhoneSimulator.ActiveCfg = Release|Any CPU
		{F60FC8CC-DBFF-46E7-824E-BCB4A9727A1A}.Release|iPhoneSimulator.Build.0 = Release|Any CPU
		{F60FC8CC-DBFF-46E7-824E-BCB4A9727A1A}.Release|iPhoneSimulator.Deploy.0 = Release|Any CPU
		{94B07B23-8A25-44C3-9C6F-9A6B8A043D00}.Ad-Hoc|Any CPU.ActiveCfg = Release|Any CPU
		{94B07B23-8A25-44C3-9C6F-9A6B8A043D00}.Ad-Hoc|Any CPU.Build.0 = Release|Any CPU
		{94B07B23-8A25-44C3-9C6F-9A6B8A043D00}.Ad-Hoc|iPhone.ActiveCfg = Release|Any CPU
		{94B07B23-8A25-44C3-9C6F-9A6B8A043D00}.Ad-Hoc|iPhone.Build.0 = Release|Any CPU
		{94B07B23-8A25-44C3-9C6F-9A6B8A043D00}.Ad-Hoc|iPhoneSimulator.ActiveCfg = Release|Any CPU
		{94B07B23-8A25-44C3-9C6F-9A6B8A043D00}.Ad-Hoc|iPhoneSimulator.Build.0 = Release|Any CPU
		{94B07B23-8A25-44C3-9C6F-9A6B8A043D00}.AppStore|Any CPU.ActiveCfg = Release|Any CPU
		{94B07B23-8A25-44C3-9C6F-9A6B8A043D00}.AppStore|Any CPU.Build.0 = Release|Any CPU
		{94B07B23-8A25-44C3-9C6F-9A6B8A043D00}.AppStore|iPhone.ActiveCfg = Release|Any CPU
		{94B07B23-8A25-44C3-9C6F-9A6B8A043D00}.AppStore|iPhone.Build.0 = Release|Any CPU
		{94B07B23-8A25-44C3-9C6F-9A6B8A043D00}.AppStore|iPhoneSimulator.ActiveCfg = Release|Any CPU
		{94B07B23-8A25-44C3-9C6F-9A6B8A043D00}.AppStore|iPhoneSimulator.Build.0 = Release|Any CPU
		{94B07B23-8A25-44C3-9C6F-9A6B8A043D00}.Debug|Any CPU.ActiveCfg = Debug|Any CPU
		{94B07B23-8A25-44C3-9C6F-9A6B8A043D00}.Debug|Any CPU.Build.0 = Debug|Any CPU
		{94B07B23-8A25-44C3-9C6F-9A6B8A043D00}.Debug|iPhone.ActiveCfg = Debug|Any CPU
		{94B07B23-8A25-44C3-9C6F-9A6B8A043D00}.Debug|iPhone.Build.0 = Debug|Any CPU
		{94B07B23-8A25-44C3-9C6F-9A6B8A043D00}.Debug|iPhoneSimulator.ActiveCfg = Debug|Any CPU
		{94B07B23-8A25-44C3-9C6F-9A6B8A043D00}.Debug|iPhoneSimulator.Build.0 = Debug|Any CPU
		{94B07B23-8A25-44C3-9C6F-9A6B8A043D00}.Release|Any CPU.ActiveCfg = Release|Any CPU
		{94B07B23-8A25-44C3-9C6F-9A6B8A043D00}.Release|Any CPU.Build.0 = Release|Any CPU
		{94B07B23-8A25-44C3-9C6F-9A6B8A043D00}.Release|iPhone.ActiveCfg = Release|Any CPU
		{94B07B23-8A25-44C3-9C6F-9A6B8A043D00}.Release|iPhone.Build.0 = Release|Any CPU
		{94B07B23-8A25-44C3-9C6F-9A6B8A043D00}.Release|iPhoneSimulator.ActiveCfg = Release|Any CPU
		{94B07B23-8A25-44C3-9C6F-9A6B8A043D00}.Release|iPhoneSimulator.Build.0 = Release|Any CPU
		{7BB9BE75-2000-44A3-97CF-BCB6FC09FA16}.Ad-Hoc|Any CPU.ActiveCfg = Ad-Hoc|iPhone
		{7BB9BE75-2000-44A3-97CF-BCB6FC09FA16}.Ad-Hoc|iPhone.ActiveCfg = Ad-Hoc|iPhone
		{7BB9BE75-2000-44A3-97CF-BCB6FC09FA16}.Ad-Hoc|iPhone.Build.0 = Ad-Hoc|iPhone
		{7BB9BE75-2000-44A3-97CF-BCB6FC09FA16}.Ad-Hoc|iPhoneSimulator.ActiveCfg = Ad-Hoc|iPhoneSimulator
		{7BB9BE75-2000-44A3-97CF-BCB6FC09FA16}.Ad-Hoc|iPhoneSimulator.Build.0 = Ad-Hoc|iPhoneSimulator
		{7BB9BE75-2000-44A3-97CF-BCB6FC09FA16}.AppStore|Any CPU.ActiveCfg = AppStore|iPhone
		{7BB9BE75-2000-44A3-97CF-BCB6FC09FA16}.AppStore|iPhone.ActiveCfg = AppStore|iPhone
		{7BB9BE75-2000-44A3-97CF-BCB6FC09FA16}.AppStore|iPhone.Build.0 = AppStore|iPhone
		{7BB9BE75-2000-44A3-97CF-BCB6FC09FA16}.AppStore|iPhoneSimulator.ActiveCfg = AppStore|iPhoneSimulator
		{7BB9BE75-2000-44A3-97CF-BCB6FC09FA16}.AppStore|iPhoneSimulator.Build.0 = AppStore|iPhoneSimulator
		{7BB9BE75-2000-44A3-97CF-BCB6FC09FA16}.Debug|Any CPU.ActiveCfg = Debug|iPhone
		{7BB9BE75-2000-44A3-97CF-BCB6FC09FA16}.Debug|iPhone.ActiveCfg = Debug|iPhone
		{7BB9BE75-2000-44A3-97CF-BCB6FC09FA16}.Debug|iPhone.Build.0 = Debug|iPhone
		{7BB9BE75-2000-44A3-97CF-BCB6FC09FA16}.Debug|iPhoneSimulator.ActiveCfg = Debug|iPhoneSimulator
		{7BB9BE75-2000-44A3-97CF-BCB6FC09FA16}.Debug|iPhoneSimulator.Build.0 = Debug|iPhoneSimulator
		{7BB9BE75-2000-44A3-97CF-BCB6FC09FA16}.Release|Any CPU.ActiveCfg = Release|iPhone
		{7BB9BE75-2000-44A3-97CF-BCB6FC09FA16}.Release|iPhone.ActiveCfg = Release|iPhone
		{7BB9BE75-2000-44A3-97CF-BCB6FC09FA16}.Release|iPhone.Build.0 = Release|iPhone
		{7BB9BE75-2000-44A3-97CF-BCB6FC09FA16}.Release|iPhoneSimulator.ActiveCfg = Release|iPhoneSimulator
		{7BB9BE75-2000-44A3-97CF-BCB6FC09FA16}.Release|iPhoneSimulator.Build.0 = Release|iPhoneSimulator
		{73FCB519-1370-4B3F-810F-CAA594DD65DD}.Ad-Hoc|Any CPU.ActiveCfg = Release|Any CPU
		{73FCB519-1370-4B3F-810F-CAA594DD65DD}.Ad-Hoc|Any CPU.Build.0 = Release|Any CPU
		{73FCB519-1370-4B3F-810F-CAA594DD65DD}.Ad-Hoc|iPhone.ActiveCfg = Release|Any CPU
		{73FCB519-1370-4B3F-810F-CAA594DD65DD}.Ad-Hoc|iPhone.Build.0 = Release|Any CPU
		{73FCB519-1370-4B3F-810F-CAA594DD65DD}.Ad-Hoc|iPhoneSimulator.ActiveCfg = Release|Any CPU
		{73FCB519-1370-4B3F-810F-CAA594DD65DD}.Ad-Hoc|iPhoneSimulator.Build.0 = Release|Any CPU
		{73FCB519-1370-4B3F-810F-CAA594DD65DD}.AppStore|Any CPU.ActiveCfg = Release|Any CPU
		{73FCB519-1370-4B3F-810F-CAA594DD65DD}.AppStore|Any CPU.Build.0 = Release|Any CPU
		{73FCB519-1370-4B3F-810F-CAA594DD65DD}.AppStore|iPhone.ActiveCfg = Release|Any CPU
		{73FCB519-1370-4B3F-810F-CAA594DD65DD}.AppStore|iPhone.Build.0 = Release|Any CPU
		{73FCB519-1370-4B3F-810F-CAA594DD65DD}.AppStore|iPhoneSimulator.ActiveCfg = Release|Any CPU
		{73FCB519-1370-4B3F-810F-CAA594DD65DD}.AppStore|iPhoneSimulator.Build.0 = Release|Any CPU
		{73FCB519-1370-4B3F-810F-CAA594DD65DD}.Debug|Any CPU.ActiveCfg = Debug|Any CPU
		{73FCB519-1370-4B3F-810F-CAA594DD65DD}.Debug|Any CPU.Build.0 = Debug|Any CPU
		{73FCB519-1370-4B3F-810F-CAA594DD65DD}.Debug|iPhone.ActiveCfg = Debug|Any CPU
		{73FCB519-1370-4B3F-810F-CAA594DD65DD}.Debug|iPhone.Build.0 = Debug|Any CPU
		{73FCB519-1370-4B3F-810F-CAA594DD65DD}.Debug|iPhoneSimulator.ActiveCfg = Debug|Any CPU
		{73FCB519-1370-4B3F-810F-CAA594DD65DD}.Debug|iPhoneSimulator.Build.0 = Debug|Any CPU
		{73FCB519-1370-4B3F-810F-CAA594DD65DD}.Release|Any CPU.ActiveCfg = Release|Any CPU
		{73FCB519-1370-4B3F-810F-CAA594DD65DD}.Release|Any CPU.Build.0 = Release|Any CPU
		{73FCB519-1370-4B3F-810F-CAA594DD65DD}.Release|iPhone.ActiveCfg = Release|Any CPU
		{73FCB519-1370-4B3F-810F-CAA594DD65DD}.Release|iPhone.Build.0 = Release|Any CPU
		{73FCB519-1370-4B3F-810F-CAA594DD65DD}.Release|iPhoneSimulator.ActiveCfg = Release|Any CPU
		{73FCB519-1370-4B3F-810F-CAA594DD65DD}.Release|iPhoneSimulator.Build.0 = Release|Any CPU
	EndGlobalSection
	GlobalSection(SolutionProperties) = preSolution
		HideSolutionNode = FALSE
	EndGlobalSection
EndGlobal
